
Microsoft Visual Studio Solution File, Format Version 12.00
# Visual Studio Version 16
VisualStudioVersion = 16.0.30011.22
MinimumVisualStudioVersion = 10.0.40219.1
Project("{9A19103F-16F7-4668-BE54-9A1E7A4F7556}") = "task1", "lesson2\task1.csproj", "{8B0AB79A-1C66-4898-9CEB-7DC3D27313AB}"
EndProject
Project("{9A19103F-16F7-4668-BE54-9A1E7A4F7556}") = "task2", "task2\task2.csproj", "{55CA979A-B537-423A-A6A2-6CE2A15FE472}"
EndProject
Project("{9A19103F-16F7-4668-BE54-9A1E7A4F7556}") = "task3", "task3\task3.csproj", "{5FC14919-B05D-498B-BA60-0C81C391A98F}"
EndProject
Project("{FAE04EC0-301F-11D3-BF4B-00C04F79EFBC}") = "task4", "task4\task4.csproj", "{4DADDC51-BFAB-49B6-B64C-ED9F26C91C7B}"
EndProject
Global
	GlobalSection(SolutionConfigurationPlatforms) = preSolution
		Debug|Any CPU = Debug|Any CPU
		Release|Any CPU = Release|Any CPU
	EndGlobalSection
	GlobalSection(ProjectConfigurationPlatforms) = postSolution
		{8B0AB79A-1C66-4898-9CEB-7DC3D27313AB}.Debug|Any CPU.ActiveCfg = Debug|Any CPU
		{8B0AB79A-1C66-4898-9CEB-7DC3D27313AB}.Debug|Any CPU.Build.0 = Debug|Any CPU
		{8B0AB79A-1C66-4898-9CEB-7DC3D27313AB}.Release|Any CPU.ActiveCfg = Release|Any CPU
		{8B0AB79A-1C66-4898-9CEB-7DC3D27313AB}.Release|Any CPU.Build.0 = Release|Any CPU
		{55CA979A-B537-423A-A6A2-6CE2A15FE472}.Debug|Any CPU.ActiveCfg = Debug|Any CPU
		{55CA979A-B537-423A-A6A2-6CE2A15FE472}.Debug|Any CPU.Build.0 = Debug|Any CPU
		{55CA979A-B537-423A-A6A2-6CE2A15FE472}.Release|Any CPU.ActiveCfg = Release|Any CPU
		{55CA979A-B537-423A-A6A2-6CE2A15FE472}.Release|Any CPU.Build.0 = Release|Any CPU
		{5FC14919-B05D-498B-BA60-0C81C391A98F}.Debug|Any CPU.ActiveCfg = Debug|Any CPU
		{5FC14919-B05D-498B-BA60-0C81C391A98F}.Debug|Any CPU.Build.0 = Debug|Any CPU
		{5FC14919-B05D-498B-BA60-0C81C391A98F}.Release|Any CPU.ActiveCfg = Release|Any CPU
		{5FC14919-B05D-498B-BA60-0C81C391A98F}.Release|Any CPU.Build.0 = Release|Any CPU
		{4DADDC51-BFAB-49B6-B64C-ED9F26C91C7B}.Debug|Any CPU.ActiveCfg = Debug|Any CPU
		{4DADDC51-BFAB-49B6-B64C-ED9F26C91C7B}.Debug|Any CPU.Build.0 = Debug|Any CPU
		{4DADDC51-BFAB-49B6-B64C-ED9F26C91C7B}.Release|Any CPU.ActiveCfg = Release|Any CPU
		{4DADDC51-BFAB-49B6-B64C-ED9F26C91C7B}.Release|Any CPU.Build.0 = Release|Any CPU
	EndGlobalSection
	GlobalSection(SolutionProperties) = preSolution
		HideSolutionNode = FALSE
	EndGlobalSection
	GlobalSection(ExtensibilityGlobals) = postSolution
		SolutionGuid = {F501F363-0453-4EC6-94F1-E05CE1116C1A}
	EndGlobalSection
EndGlobal
